
Microsoft Visual Studio Solution File, Format Version 12.00
# Visual Studio Version 17
VisualStudioVersion = 17.4.33122.133
MinimumVisualStudioVersion = 10.0.40219.1
Project("{FAE04EC0-301F-11D3-BF4B-00C04F79EFBC}") = "SnakeAndLadder", "SnakeAndLadder\SnakeAndLadder.csproj", "{F60E3592-36E0-4A8C-B31B-313E0BCEC68C}"
EndProject
Global
	GlobalSection(SolutionConfigurationPlatforms) = preSolution
		Debug|Any CPU = Debug|Any CPU
		Release|Any CPU = Release|Any CPU
	EndGlobalSection
	GlobalSection(ProjectConfigurationPlatforms) = postSolution
		{F60E3592-36E0-4A8C-B31B-313E0BCEC68C}.Debug|Any CPU.ActiveCfg = Debug|Any CPU
		{F60E3592-36E0-4A8C-B31B-313E0BCEC68C}.Debug|Any CPU.Build.0 = Debug|Any CPU
		{F60E3592-36E0-4A8C-B31B-313E0BCEC68C}.Release|Any CPU.ActiveCfg = Release|Any CPU
		{F60E3592-36E0-4A8C-B31B-313E0BCEC68C}.Release|Any CPU.Build.0 = Release|Any CPU
	EndGlobalSection
	GlobalSection(SolutionProperties) = preSolution
		HideSolutionNode = FALSE
	EndGlobalSection
	GlobalSection(ExtensibilityGlobals) = postSolution
		SolutionGuid = {DEF2A82A-E895-4F34-8F28-30E61BD4FC10}
	EndGlobalSection
EndGlobal
